
Microsoft Visual Studio Solution File, Format Version 12.00
# Visual Studio Version 17
VisualStudioVersion = 17.13.35806.99 d17.13
MinimumVisualStudioVersion = 10.0.40219.1
Project("{FAE04EC0-301F-11D3-BF4B-00C04F79EFBC}") = "CliCarProject", "CliCarProject.csproj", "{D162C922-8059-4C37-A4CA-740C011EB1DC}"
EndProject
Global
	GlobalSection(SolutionConfigurationPlatforms) = preSolution
		Debug|Any CPU = Debug|Any CPU
		Release|Any CPU = Release|Any CPU
	EndGlobalSection
	GlobalSection(ProjectConfigurationPlatforms) = postSolution
		{D162C922-8059-4C37-A4CA-740C011EB1DC}.Debug|Any CPU.ActiveCfg = Debug|Any CPU
		{D162C922-8059-4C37-A4CA-740C011EB1DC}.Debug|Any CPU.Build.0 = Debug|Any CPU
		{D162C922-8059-4C37-A4CA-740C011EB1DC}.Release|Any CPU.ActiveCfg = Release|Any CPU
		{D162C922-8059-4C37-A4CA-740C011EB1DC}.Release|Any CPU.Build.0 = Release|Any CPU
	EndGlobalSection
	GlobalSection(SolutionProperties) = preSolution
		HideSolutionNode = FALSE
	EndGlobalSection
	GlobalSection(ExtensibilityGlobals) = postSolution
		SolutionGuid = {247E22AF-88EA-48EE-8CC4-E0027C003EBE}
	EndGlobalSection
EndGlobal
